PODS:
  - Alamofire (4.7.3)
  - GoogleMaps (2.7.0):
    - GoogleMaps/Maps (= 2.7.0)
  - GoogleMaps/Base (2.7.0)
  - GoogleMaps/Maps (2.7.0):
    - GoogleMaps/Base
  - GooglePlaces (2.7.0):
    - GoogleMaps/Base (= 2.7.0)
  - Kingfisher (4.8.1)
  - SQLite.swift (0.11.5):
    - SQLite.swift/standard (= 0.11.5)
  - SQLite.swift/standard (0.11.5)
  - SwiftSoup (1.7.2)

DEPENDENCIES:
  - Alamofire (~> 4.7)
  - GoogleMaps
  - GooglePlaces
  - Kingfisher (~> 4.0)
  - SQLite.swift (~> 0.11.5)
  - SwiftSoup

SPEC REPOS:
  https://github.com/cocoapods/specs.git:
    - Alamofire
    - GoogleMaps
    - GooglePlaces
    - Kingfisher
    - SQLite.swift
    - SwiftSoup

SPEC CHECKSUMS:
  Alamofire: c7287b6e5d7da964a70935e5db17046b7fde6568
  GoogleMaps: f79af95cb24d869457b1f961c93d3ce8b2f3b848
  GooglePlaces: 3d06e6c99654545b4738ce49648745779c25f2ef
  Kingfisher: 868c1149679a7ab6869be118faa9b5aed154aaf0
  SQLite.swift: 6e5356850bb1791459f8c16d6ee9195b28714a2e
  SwiftSoup: e5f61d37e3d802a4b5db81b4945de3da9bfdf115

PODFILE CHECKSUM: 83f375025f3b0807ace67acda566f476381b1472

COCOAPODS: 1.5.3
